<?xml version="1.0" encoding="utf-8"?>
<Project ToolsVersion="4.0" xmlns="http://schemas.microsoft.com/developer/msbuild/2003">
  <ItemGroup>
    <Filter Include="源文件">
      <UniqueIdentifier>{4FC737F1-C7A5-4376-A066-2A32D752A2FF}</UniqueIdentifier>
      <Extensions>cpp;c;cc;cxx;def;odl;idl;hpj;bat;asm;asmx</Extensions>
    </Filter>
    <Filter Include="头文件">
      <UniqueIdentifier>{93995380-89BD-4b04-88EB-625FBE52EBFB}</UniqueIdentifier>
      <Extensions>h;hh;hpp;hxx;hm;inl;inc;xsd</Extensions>
    </Filter>
    <Filter Include="资源文件">
      <UniqueIdentifier>{67DA6AB6-F800-4c08-8B7A-83BB121AAD01}</UniqueIdentifier>
      <Extensions>rc;ico;cur;bmp;dlg;rc2;rct;bin;rgs;gif;jpg;jpeg;jpe;resx;tiff;tif;png;wav;mfcribbon-ms</Extensions>
    </Filter>
    <Filter Include="Shader">
      <UniqueIdentifier>{12167430-534a-44e4-972e-87768cd0f957}</UniqueIdentifier>
    </Filter>
  </ItemGroup>
  <ItemGroup>
    <ClInclude Include="..\Include\camera.h">
      <Filter>头文件</Filter>
    </ClInclude>
    <ClInclude Include="..\Include\HAN_UTIL.h">
      <Filter>头文件</Filter>
    </ClInclude>
    <ClInclude Include="..\Include\Light.h">
      <Filter>头文件</Filter>
    </ClInclude>
    <ClInclude Include="..\Include\LightControl.h">
      <Filter>头文件</Filter>
    </ClInclude>
    <ClInclude Include="..\Include\LightShader.h">
      <Filter>头文件</Filter>
    </ClInclude>
    <ClInclude Include="..\Include\math_3d.h">
      <Filter>头文件</Filter>
    </ClInclude>
    <ClInclude Include="..\Include\ObjLoader.h">
      <Filter>头文件</Filter>
    </ClInclude>
    <ClInclude Include="..\Include\Pipeline.h">
      <Filter>头文件</Filter>
    </ClInclude>
    <ClInclude Include="..\Include\ShaderLoading.h">
      <Filter>头文件</Filter>
    </ClInclude>
    <ClInclude Include="..\Include\ShadowMapFBO.h">
      <Filter>头文件</Filter>
    </ClInclude>
    <ClInclude Include="..\Include\ShadowMapShader.h">
      <Filter>头文件</Filter>
    </ClInclude>
    <ClInclude Include="..\Include\texture.h">
      <Filter>头文件</Filter>
    </ClInclude>
  </ItemGroup>
  <ItemGroup>
    <ClCompile Include="..\Content\camera.cpp">
      <Filter>源文件</Filter>
    </ClCompile>
    <ClCompile Include="..\Content\HAN_UTIL.cpp">
      <Filter>源文件</Filter>
    </ClCompile>
    <ClCompile Include="..\Content\LighShader.cpp">
      <Filter>源文件</Filter>
    </ClCompile>
    <ClCompile Include="..\Content\light.cpp">
      <Filter>源文件</Filter>
    </ClCompile>
    <ClCompile Include="..\Content\LightControl.cpp">
      <Filter>源文件</Filter>
    </ClCompile>
    <ClCompile Include="..\Content\math_3d.cpp">
      <Filter>源文件</Filter>
    </ClCompile>
    <ClCompile Include="..\Content\ObjLoader.cpp">
      <Filter>源文件</Filter>
    </ClCompile>
    <ClCompile Include="..\Content\Pipeline.cpp">
      <Filter>源文件</Filter>
    </ClCompile>
    <ClCompile Include="..\Content\Shader.cpp">
      <Filter>源文件</Filter>
    </ClCompile>
    <ClCompile Include="..\Content\ShadowMapFBO.cpp">
      <Filter>源文件</Filter>
    </ClCompile>
    <ClCompile Include="..\Content\ShadowMapShader.cpp">
      <Filter>源文件</Filter>
    </ClCompile>
    <ClCompile Include="..\Content\Source.cpp">
      <Filter>源文件</Filter>
    </ClCompile>
    <ClCompile Include="..\Content\texture.cpp">
      <Filter>源文件</Filter>
    </ClCompile>
  </ItemGroup>
  <ItemGroup>
    <None Include="..\Shader\light.fs">
      <Filter>Shader</Filter>
    </None>
    <None Include="..\Shader\light.vs">
      <Filter>Shader</Filter>
    </None>
  </ItemGroup>
</Project>